PODS:
  - ContactsChangeNotifier (1.0.0)

DEPENDENCIES:
  - ContactsChangeNotifier (from `..`)

EXTERNAL SOURCES:
  ContactsChangeNotifier:
    :path: ".."

SPEC CHECKSUMS:
  ContactsChangeNotifier: 6d964a0c0d7fd6e3ab1cbebe6b377992ab9c90f8

PODFILE CHECKSUM: 137520c6173d59ec9aaf40a28cdf3aa29e99d234

COCOAPODS: 1.11.3
