// !$*UTF8*$!
{
	archiveVersion = 1;
	classes = {
	};
	objectVersion = 55;
	objects = {

/* Begin PBXBuildFile section */
		40500EF188A13F3968AE0448 /* Pods_ContactsChangeNotifierDemo.framework in Frameworks */ = {isa = PBXBuildFile; fileRef = 015B6DD0A0F8B23420F7F860 /* Pods_ContactsChangeNotifierDemo.framework */; };
		DC35A32C28801D6E0056FBFD /* Contacts+Extensions.swift in Sources */ = {isa = PBXBuildFile; fileRef = DC35A32B28801D6E0056FBFD /* Contacts+Extensions.swift */; };
		DCC676E128800019007156EA /* ContactsChangeNotifierDemoApp.swift in Sources */ = {isa = PBXBuildFile; fileRef = DCC676E028800019007156EA /* ContactsChangeNotifierDemoApp.swift */; };
		DCC676E328800019007156EA /* ContentView.swift in Sources */ = {isa = PBXBuildFile; fileRef = DCC676E228800019007156EA /* ContentView.swift */; };
		DCC676E52880001C007156EA /* Assets.xcassets in Resources */ = {isa = PBXBuildFile; fileRef = DCC676E42880001C007156EA /* Assets.xcassets */; };
		DCC676E82880001C007156EA /* Preview Assets.xcassets in Resources */ = {isa = PBXBuildFile; fileRef = DCC676E72880001C007156EA /* Preview Assets.xcassets */; };
		DCF938DF288136FB006D855C /* ContactsChangeNotifierTests.swift in Sources */ = {isa = PBXBuildFile; fileRef = DCF938DE288136FB006D855C /* ContactsChangeNotifierTests.swift */; };
		FBC12872363B7832D9714C44 /* Pods_ContactsChangeNotifierTests.framework in Frameworks */ = {isa = PBXBuildFile; fileRef = 6B3F14A452C43A1CE3D0FB90 /* Pods_ContactsChangeNotifierTests.framework */; };
/* End PBXBuildFile section */

/* Begin PBXContainerItemProxy section */
		DCF938E0288136FB006D855C /* PBXContainerItemProxy */ = {
			isa = PBXContainerItemProxy;
			containerPortal = DCC676D528800019007156EA /* Project object */;
			proxyType = 1;
			remoteGlobalIDString = DCC676DC28800019007156EA;
			remoteInfo = ContactsChangeNotifierDemo;
		};
/* End PBXContainerItemProxy section */

/* Begin PBXFileReference section */
		015B6DD0A0F8B23420F7F860 /* Pods_ContactsChangeNotifierDemo.framework */ = {isa = PBXFileReference; explicitFileType = wrapper.framework; includeInIndex = 0; path = Pods_ContactsChangeNotifierDemo.framework; sourceTree = BUILT_PRODUCTS_DIR; };
		3E5E29F603D6F987FCD6B29C /* Pods-ContactsChangeNotifierTests.release.xcconfig */ = {isa = PBXFileReference; includeInIndex = 1; lastKnownFileType = text.xcconfig; name = "Pods-ContactsChangeNotifierTests.release.xcconfig"; path = "Target Support Files/Pods-ContactsChangeNotifierTests/Pods-ContactsChangeNotifierTests.release.xcconfig"; sourceTree = "<group>"; };
		4E95F5D17DA305F21E07813B /* Pods-ContactsChangeNotifierDemo.debug.xcconfig */ = {isa = PBXFileReference; includeInIndex = 1; lastKnownFileType = text.xcconfig; name = "Pods-ContactsChangeNotifierDemo.debug.xcconfig"; path = "Target Support Files/Pods-ContactsChangeNotifierDemo/Pods-ContactsChangeNotifierDemo.debug.xcconfig"; sourceTree = "<group>"; };
		6B3F14A452C43A1CE3D0FB90 /* Pods_ContactsChangeNotifierTests.framework */ = {isa = PBXFileReference; explicitFileType = wrapper.framework; includeInIndex = 0; path = Pods_ContactsChangeNotifierTests.framework; sourceTree = BUILT_PRODUCTS_DIR; };
		758511CED2F346FF2D97EDAC /* Pods-ContactsChangeNotifierTests.debug.xcconfig */ = {isa = PBXFileReference; includeInIndex = 1; lastKnownFileType = text.xcconfig; name = "Pods-ContactsChangeNotifierTests.debug.xcconfig"; path = "Target Support Files/Pods-ContactsChangeNotifierTests/Pods-ContactsChangeNotifierTests.debug.xcconfig"; sourceTree = "<group>"; };
		C832BAF0520B3CF98E12A9D4 /* Pods-ContactsChangeNotifierDemo.release.xcconfig */ = {isa = PBXFileReference; includeInIndex = 1; lastKnownFileType = text.xcconfig; name = "Pods-ContactsChangeNotifierDemo.release.xcconfig"; path = "Target Support Files/Pods-ContactsChangeNotifierDemo/Pods-ContactsChangeNotifierDemo.release.xcconfig"; sourceTree = "<group>"; };
		DC35A32B28801D6E0056FBFD /* Contacts+Extensions.swift */ = {isa = PBXFileReference; lastKnownFileType = sourcecode.swift; path = "Contacts+Extensions.swift"; sourceTree = "<group>"; };
		DCC676DD28800019007156EA /* ContactsChangeNotifierDemo.app */ = {isa = PBXFileReference; explicitFileType = wrapper.application; includeInIndex = 0; path = ContactsChangeNotifierDemo.app; sourceTree = BUILT_PRODUCTS_DIR; };
		DCC676E028800019007156EA /* ContactsChangeNotifierDemoApp.swift */ = {isa = PBXFileReference; lastKnownFileType = sourcecode.swift; path = ContactsChangeNotifierDemoApp.swift; sourceTree = "<group>"; };
		DCC676E228800019007156EA /* ContentView.swift */ = {isa = PBXFileReference; lastKnownFileType = sourcecode.swift; path = ContentView.swift; sourceTree = "<group>"; };
		DCC676E42880001C007156EA /* Assets.xcassets */ = {isa = PBXFileReference; lastKnownFileType = folder.assetcatalog; path = Assets.xcassets; sourceTree = "<group>"; };
		DCC676E72880001C007156EA /* Preview Assets.xcassets */ = {isa = PBXFileReference; lastKnownFileType = folder.assetcatalog; path = "Preview Assets.xcassets"; sourceTree = "<group>"; };
		DCF938DC288136FB006D855C /* ContactsChangeNotifierTests.xctest */ = {isa = PBXFileReference; explicitFileType = wrapper.cfbundle; includeInIndex = 0; path = ContactsChangeNotifierTests.xctest; sourceTree = BUILT_PRODUCTS_DIR; };
		DCF938DE288136FB006D855C /* ContactsChangeNotifierTests.swift */ = {isa = PBXFileReference; lastKnownFileType = sourcecode.swift; path = ContactsChangeNotifierTests.swift; sourceTree = "<group>"; };
/* End PBXFileReference section */

/* Begin PBXFrameworksBuildPhase section */
		DCC676DA28800019007156EA /* Frameworks */ = {
			isa = PBXFrameworksBuildPhase;
			buildActionMask = 2147483647;
			files = (
				40500EF188A13F3968AE0448 /* Pods_ContactsChangeNotifierDemo.framework in Frameworks */,
			);
			runOnlyForDeploymentPostprocessing = 0;
		};
		DCF938D9288136FB006D855C /* Frameworks */ = {
			isa = PBXFrameworksBuildPhase;
			buildActionMask = 2147483647;
			files = (
				FBC12872363B7832D9714C44 /* Pods_ContactsChangeNotifierTests.framework in Frameworks */,
			);
			runOnlyForDeploymentPostprocessing = 0;
		};
/* End PBXFrameworksBuildPhase section */

/* Begin PBXGroup section */
		21904AC1573484E32ECADAC4 /* Frameworks */ = {
			isa = PBXGroup;
			children = (
				015B6DD0A0F8B23420F7F860 /* Pods_ContactsChangeNotifierDemo.framework */,
				6B3F14A452C43A1CE3D0FB90 /* Pods_ContactsChangeNotifierTests.framework */,
			);
			name = Frameworks;
			sourceTree = "<group>";
		};
		9017D2988484696C88D0113D /* Pods */ = {
			isa = PBXGroup;
			children = (
				4E95F5D17DA305F21E07813B /* Pods-ContactsChangeNotifierDemo.debug.xcconfig */,
				C832BAF0520B3CF98E12A9D4 /* Pods-ContactsChangeNotifierDemo.release.xcconfig */,
				758511CED2F346FF2D97EDAC /* Pods-ContactsChangeNotifierTests.debug.xcconfig */,
				3E5E29F603D6F987FCD6B29C /* Pods-ContactsChangeNotifierTests.release.xcconfig */,
			);
			path = Pods;
			sourceTree = "<group>";
		};
		DCC676D428800019007156EA = {
			isa = PBXGroup;
			children = (
				DCC676DF28800019007156EA /* ContactsChangeNotifierDemo */,
				DCF938DD288136FB006D855C /* ContactsChangeNotifierTests */,
				DCC676DE28800019007156EA /* Products */,
				9017D2988484696C88D0113D /* Pods */,
				21904AC1573484E32ECADAC4 /* Frameworks */,
			);
			sourceTree = "<group>";
		};
		DCC676DE28800019007156EA /* Products */ = {
			isa = PBXGroup;
			children = (
				DCC676DD28800019007156EA /* ContactsChangeNotifierDemo.app */,
				DCF938DC288136FB006D855C /* ContactsChangeNotifierTests.xctest */,
			);
			name = Products;
			sourceTree = "<group>";
		};
		DCC676DF28800019007156EA /* ContactsChangeNotifierDemo */ = {
			isa = PBXGroup;
			children = (
				DCC676E028800019007156EA /* ContactsChangeNotifierDemoApp.swift */,
				DCC676E228800019007156EA /* ContentView.swift */,
				DC35A32B28801D6E0056FBFD /* Contacts+Extensions.swift */,
				DCC676E42880001C007156EA /* Assets.xcassets */,
				DCC676E62880001C007156EA /* Preview Content */,
			);
			path = ContactsChangeNotifierDemo;
			sourceTree = "<group>";
		};
		DCC676E62880001C007156EA /* Preview Content */ = {
			isa = PBXGroup;
			children = (
				DCC676E72880001C007156EA /* Preview Assets.xcassets */,
			);
			path = "Preview Content";
			sourceTree = "<group>";
		};
		DCF938DD288136FB006D855C /* ContactsChangeNotifierTests */ = {
			isa = PBXGroup;
			children = (
				DCF938DE288136FB006D855C /* ContactsChangeNotifierTests.swift */,
			);
			path = ContactsChangeNotifierTests;
			sourceTree = "<group>";
		};
/* End PBXGroup section */

/* Begin PBXNativeTarget section */
		DCC676DC28800019007156EA /* ContactsChangeNotifierDemo */ = {
			isa = PBXNativeTarget;
			buildConfigurationList = DCC676EB2880001C007156EA /* Build configuration list for PBXNativeTarget "ContactsChangeNotifierDemo" */;
			buildPhases = (
				93ABF910618E93A5F5351809 /* [CP] Check Pods Manifest.lock */,
				DCC676D928800019007156EA /* Sources */,
				DCC676DA28800019007156EA /* Frameworks */,
				DCC676DB28800019007156EA /* Resources */,
				D640452F080E86AB934F2E71 /* [CP] Embed Pods Frameworks */,
			);
			buildRules = (
			);
			dependencies = (
			);
			name = ContactsChangeNotifierDemo;
			productName = ContactsChangeNotifierDemo;
			productReference = DCC676DD28800019007156EA /* ContactsChangeNotifierDemo.app */;
			productType = "com.apple.product-type.application";
		};
		DCF938DB288136FB006D855C /* ContactsChangeNotifierTests */ = {
			isa = PBXNativeTarget;
			buildConfigurationList = DCF938E4288136FB006D855C /* Build configuration list for PBXNativeTarget "ContactsChangeNotifierTests" */;
			buildPhases = (
				8507292E799FE9ABE8CFEC51 /* [CP] Check Pods Manifest.lock */,
				DCF938D8288136FB006D855C /* Sources */,
				DCF938D9288136FB006D855C /* Frameworks */,
				DCF938DA288136FB006D855C /* Resources */,
				9DDCC9F3C56E7DE6150045FB /* [CP] Embed Pods Frameworks */,
			);
			buildRules = (
			);
			dependencies = (
				DCF938E1288136FB006D855C /* PBXTargetDependency */,
			);
			name = ContactsChangeNotifierTests;
			productName = ContactsChangeNotifierTests;
			productReference = DCF938DC288136FB006D855C /* ContactsChangeNotifierTests.xctest */;
			productType = "com.apple.product-type.bundle.unit-test";
		};
/* End PBXNativeTarget section */

/* Begin PBXProject section */
		DCC676D528800019007156EA /* Project object */ = {
			isa = PBXProject;
			attributes = {
				BuildIndependentTargetsInParallel = 1;
				LastSwiftUpdateCheck = 1340;
				LastUpgradeCheck = 1400;
				TargetAttributes = {
					DCC676DC28800019007156EA = {
						CreatedOnToolsVersion = 14.0;
					};
					DCF938DB288136FB006D855C = {
						CreatedOnToolsVersion = 13.4;
						TestTargetID = DCC676DC28800019007156EA;
					};
				};
			};
			buildConfigurationList = DCC676D828800019007156EA /* Build configuration list for PBXProject "ContactsChangeNotifierDemo" */;
			compatibilityVersion = "Xcode 13.0";
			developmentRegion = en;
			hasScannedForEncodings = 0;
			knownRegions = (
				en,
				Base,
			);
			mainGroup = DCC676D428800019007156EA;
			productRefGroup = DCC676DE28800019007156EA /* Products */;
			projectDirPath = "";
			projectRoot = "";
			targets = (
				DCC676DC28800019007156EA /* ContactsChangeNotifierDemo */,
				DCF938DB288136FB006D855C /* ContactsChangeNotifierTests */,
			);
		};
/* End PBXProject section */

/* Begin PBXResourcesBuildPhase section */
		DCC676DB28800019007156EA /* Resources */ = {
			isa = PBXResourcesBuildPhase;
			buildActionMask = 2147483647;
			files = (
				DCC676E82880001C007156EA /* Preview Assets.xcassets in Resources */,
				DCC676E52880001C007156EA /* Assets.xcassets in Resources */,
			);
			runOnlyForDeploymentPostprocessing = 0;
		};
		DCF938DA288136FB006D855C /* Resources */ = {
			isa = PBXResourcesBuildPhase;
			buildActionMask = 2147483647;
			files = (
			);
			runOnlyForDeploymentPostprocessing = 0;
		};
/* End PBXResourcesBuildPhase section */

/* Begin PBXShellScriptBuildPhase section */
		8507292E799FE9ABE8CFEC51 /* [CP] Check Pods Manifest.lock */ = {
			isa = PBXShellScriptBuildPhase;
			buildActionMask = 2147483647;
			files = (
			);
			inputFileListPaths = (
			);
			inputPaths = (
				"${PODS_PODFILE_DIR_PATH}/Podfile.lock",
				"${PODS_ROOT}/Manifest.lock",
			);
			name = "[CP] Check Pods Manifest.lock";
			outputFileListPaths = (
			);
			outputPaths = (
				"$(DERIVED_FILE_DIR)/Pods-ContactsChangeNotifierTests-checkManifestLockResult.txt",
			);
			runOnlyForDeploymentPostprocessing = 0;
			shellPath = /bin/sh;
			shellScript = "diff \"${PODS_PODFILE_DIR_PATH}/Podfile.lock\" \"${PODS_ROOT}/Manifest.lock\" > /dev/null\nif [ $? != 0 ] ; then\n    # print error to STDERR\n    echo \"error: The sandbox is not in sync with the Podfile.lock. Run 'pod install' or update your CocoaPods installation.\" >&2\n    exit 1\nfi\n# This output is used by Xcode 'outputs' to avoid re-running this script phase.\necho \"SUCCESS\" > \"${SCRIPT_OUTPUT_FILE_0}\"\n";
			showEnvVarsInLog = 0;
		};
		93ABF910618E93A5F5351809 /* [CP] Check Pods Manifest.lock */ = {
			isa = PBXShellScriptBuildPhase;
			buildActionMask = 2147483647;
			files = (
			);
			inputFileListPaths = (
			);
			inputPaths = (
				"${PODS_PODFILE_DIR_PATH}/Podfile.lock",
				"${PODS_ROOT}/Manifest.lock",
			);
			name = "[CP] Check Pods Manifest.lock";
			outputFileListPaths = (
			);
			outputPaths = (
				"$(DERIVED_FILE_DIR)/Pods-ContactsChangeNotifierDemo-checkManifestLockResult.txt",
			);
			runOnlyForDeploymentPostprocessing = 0;
			shellPath = /bin/sh;
			shellScript = "diff \"${PODS_PODFILE_DIR_PATH}/Podfile.lock\" \"${PODS_ROOT}/Manifest.lock\" > /dev/null\nif [ $? != 0 ] ; then\n    # print error to STDERR\n    echo \"error: The sandbox is not in sync with the Podfile.lock. Run 'pod install' or update your CocoaPods installation.\" >&2\n    exit 1\nfi\n# This output is used by Xcode 'outputs' to avoid re-running this script phase.\necho \"SUCCESS\" > \"${SCRIPT_OUTPUT_FILE_0}\"\n";
			showEnvVarsInLog = 0;
		};
		9DDCC9F3C56E7DE6150045FB /* [CP] Embed Pods Frameworks */ = {
			isa = PBXShellScriptBuildPhase;
			buildActionMask = 2147483647;
			files = (
			);
			inputFileListPaths = (
				"${PODS_ROOT}/Target Support Files/Pods-ContactsChangeNotifierTests/Pods-ContactsChangeNotifierTests-frameworks-${CONFIGURATION}-input-files.xcfilelist",
			);
			name = "[CP] Embed Pods Frameworks";
			outputFileListPaths = (
				"${PODS_ROOT}/Target Support Files/Pods-ContactsChangeNotifierTests/Pods-ContactsChangeNotifierTests-frameworks-${CONFIGURATION}-output-files.xcfilelist",
			);
			runOnlyForDeploymentPostprocessing = 0;
			shellPath = /bin/sh;
			shellScript = "\"${PODS_ROOT}/Target Support Files/Pods-ContactsChangeNotifierTests/Pods-ContactsChangeNotifierTests-frameworks.sh\"\n";
			showEnvVarsInLog = 0;
		};
		D640452F080E86AB934F2E71 /* [CP] Embed Pods Frameworks */ = {
			isa = PBXShellScriptBuildPhase;
			buildActionMask = 2147483647;
			files = (
			);
			inputFileListPaths = (
				"${PODS_ROOT}/Target Support Files/Pods-ContactsChangeNotifierDemo/Pods-ContactsChangeNotifierDemo-frameworks-${CONFIGURATION}-input-files.xcfilelist",
			);
			name = "[CP] Embed Pods Frameworks";
			outputFileListPaths = (
				"${PODS_ROOT}/Target Support Files/Pods-ContactsChangeNotifierDemo/Pods-ContactsChangeNotifierDemo-frameworks-${CONFIGURATION}-output-files.xcfilelist",
			);
			runOnlyForDeploymentPostprocessing = 0;
			shellPath = /bin/sh;
			shellScript = "\"${PODS_ROOT}/Target Support Files/Pods-ContactsChangeNotifierDemo/Pods-ContactsChangeNotifierDemo-frameworks.sh\"\n";
			showEnvVarsInLog = 0;
		};
/* End PBXShellScriptBuildPhase section */

/* Begin PBXSourcesBuildPhase section */
		DCC676D928800019007156EA /* Sources */ = {
			isa = PBXSourcesBuildPhase;
			buildActionMask = 2147483647;
			files = (
				DCC676E328800019007156EA /* ContentView.swift in Sources */,
				DC35A32C28801D6E0056FBFD /* Contacts+Extensions.swift in Sources */,
				DCC676E128800019007156EA /* ContactsChangeNotifierDemoApp.swift in Sources */,
			);
			runOnlyForDeploymentPostprocessing = 0;
		};
		DCF938D8288136FB006D855C /* Sources */ = {
			isa = PBXSourcesBuildPhase;
			buildActionMask = 2147483647;
			files = (
				DCF938DF288136FB006D855C /* ContactsChangeNotifierTests.swift in Sources */,
			);
			runOnlyForDeploymentPostprocessing = 0;
		};
/* End PBXSourcesBuildPhase section */

/* Begin PBXTargetDependency section */
		DCF938E1288136FB006D855C /* PBXTargetDependency */ = {
			isa = PBXTargetDependency;
			target = DCC676DC28800019007156EA /* ContactsChangeNotifierDemo */;
			targetProxy = DCF938E0288136FB006D855C /* PBXContainerItemProxy */;
		};
/* End PBXTargetDependency section */

/* Begin XCBuildConfiguration section */
		DCC676E92880001C007156EA /* Debug */ = {
			isa = XCBuildConfiguration;
			buildSettings = {
				ALWAYS_SEARCH_USER_PATHS = NO;
				CLANG_ANALYZER_NONNULL = YES;
				CLANG_ANALYZER_NUMBER_OBJECT_CONVERSION = YES_AGGRESSIVE;
				CLANG_CXX_LANGUAGE_STANDARD = "gnu++20";
				CLANG_ENABLE_MODULES = YES;
				CLANG_ENABLE_OBJC_ARC = YES;
				CLANG_ENABLE_OBJC_WEAK = YES;
				CLANG_WARN_BLOCK_CAPTURE_AUTORELEASING = YES;
				CLANG_WARN_BOOL_CONVERSION = YES;
				CLANG_WARN_COMMA = YES;
				CLANG_WARN_CONSTANT_CONVERSION = YES;
				CLANG_WARN_DEPRECATED_OBJC_IMPLEMENTATIONS = YES;
				CLANG_WARN_DIRECT_OBJC_ISA_USAGE = YES_ERROR;
				CLANG_WARN_DOCUMENTATION_COMMENTS = YES;
				CLANG_WARN_EMPTY_BODY = YES;
				CLANG_WARN_ENUM_CONVERSION = YES;
				CLANG_WARN_INFINITE_RECURSION = YES;
				CLANG_WARN_INT_CONVERSION = YES;
				CLANG_WARN_NON_LITERAL_NULL_CONVERSION = YES;
				CLANG_WARN_OBJC_IMPLICIT_RETAIN_SELF = YES;
				CLANG_WARN_OBJC_LITERAL_CONVERSION = YES;
				CLANG_WARN_OBJC_ROOT_CLASS = YES_ERROR;
				CLANG_WARN_QUOTED_INCLUDE_IN_FRAMEWORK_HEADER = YES;
				CLANG_WARN_RANGE_LOOP_ANALYSIS = YES;
				CLANG_WARN_STRICT_PROTOTYPES = YES;
				CLANG_WARN_SUSPICIOUS_MOVE = YES;
				CLANG_WARN_UNGUARDED_AVAILABILITY = YES_AGGRESSIVE;
				CLANG_WARN_UNREACHABLE_CODE = YES;
				CLANG_WARN__DUPLICATE_METHOD_MATCH = YES;
				COPY_PHASE_STRIP = NO;
				DEBUG_INFORMATION_FORMAT = dwarf;
				ENABLE_STRICT_OBJC_MSGSEND = YES;
				ENABLE_TESTABILITY = YES;
				GCC_C_LANGUAGE_STANDARD = gnu11;
				GCC_DYNAMIC_NO_PIC = NO;
				GCC_NO_COMMON_BLOCKS = YES;
				GCC_OPTIMIZATION_LEVEL = 0;
				GCC_PREPROCESSOR_DEFINITIONS = (
					"DEBUG=1",
					"$(inherited)",
				);
				GCC_WARN_64_TO_32_BIT_CONVERSION = YES;
				GCC_WARN_ABOUT_RETURN_TYPE = YES_ERROR;
				GCC_WARN_UNDECLARED_SELECTOR = YES;
				GCC_WARN_UNINITIALIZED_AUTOS = YES_AGGRESSIVE;
				GCC_WARN_UNUSED_FUNCTION = YES;
				GCC_WARN_UNUSED_VARIABLE = YES;
				IPHONEOS_DEPLOYMENT_TARGET = 14.0;
				MTL_ENABLE_DEBUG_INFO = INCLUDE_SOURCE;
				MTL_FAST_MATH = YES;
				ONLY_ACTIVE_ARCH = YES;
				SDKROOT = iphoneos;
				SWIFT_ACTIVE_COMPILATION_CONDITIONS = DEBUG;
				SWIFT_OPTIMIZATION_LEVEL = "-Onone";
			};
			name = Debug;
		};
		DCC676EA2880001C007156EA /* Release */ = {
			isa = XCBuildConfiguration;
			buildSettings = {
				ALWAYS_SEARCH_USER_PATHS = NO;
				CLANG_ANALYZER_NONNULL = YES;
				CLANG_ANALYZER_NUMBER_OBJECT_CONVERSION = YES_AGGRESSIVE;
				CLANG_CXX_LANGUAGE_STANDARD = "gnu++20";
				CLANG_ENABLE_MODULES = YES;
				CLANG_ENABLE_OBJC_ARC = YES;
				CLANG_ENABLE_OBJC_WEAK = YES;
				CLANG_WARN_BLOCK_CAPTURE_AUTORELEASING = YES;
				CLANG_WARN_BOOL_CONVERSION = YES;
				CLANG_WARN_COMMA = YES;
				CLANG_WARN_CONSTANT_CONVERSION = YES;
				CLANG_WARN_DEPRECATED_OBJC_IMPLEMENTATIONS = YES;
				CLANG_WARN_DIRECT_OBJC_ISA_USAGE = YES_ERROR;
				CLANG_WARN_DOCUMENTATION_COMMENTS = YES;
				CLANG_WARN_EMPTY_BODY = YES;
				CLANG_WARN_ENUM_CONVERSION = YES;
				CLANG_WARN_INFINITE_RECURSION = YES;
				CLANG_WARN_INT_CONVERSION = YES;
				CLANG_WARN_NON_LITERAL_NULL_CONVERSION = YES;
				CLANG_WARN_OBJC_IMPLICIT_RETAIN_SELF = YES;
				CLANG_WARN_OBJC_LITERAL_CONVERSION = YES;
				CLANG_WARN_OBJC_ROOT_CLASS = YES_ERROR;
				CLANG_WARN_QUOTED_INCLUDE_IN_FRAMEWORK_HEADER = YES;
				CLANG_WARN_RANGE_LOOP_ANALYSIS = YES;
				CLANG_WARN_STRICT_PROTOTYPES = YES;
				CLANG_WARN_SUSPICIOUS_MOVE = YES;
				CLANG_WARN_UNGUARDED_AVAILABILITY = YES_AGGRESSIVE;
				CLANG_WARN_UNREACHABLE_CODE = YES;
				CLANG_WARN__DUPLICATE_METHOD_MATCH = YES;
				COPY_PHASE_STRIP = NO;
				DEBUG_INFORMATION_FORMAT = "dwarf-with-dsym";
				ENABLE_NS_ASSERTIONS = NO;
				ENABLE_STRICT_OBJC_MSGSEND = YES;
				GCC_C_LANGUAGE_STANDARD = gnu11;
				GCC_NO_COMMON_BLOCKS = YES;
				GCC_WARN_64_TO_32_BIT_CONVERSION = YES;
				GCC_WARN_ABOUT_RETURN_TYPE = YES_ERROR;
				GCC_WARN_UNDECLARED_SELECTOR = YES;
				GCC_WARN_UNINITIALIZED_AUTOS = YES_AGGRESSIVE;
				GCC_WARN_UNUSED_FUNCTION = YES;
				GCC_WARN_UNUSED_VARIABLE = YES;
				IPHONEOS_DEPLOYMENT_TARGET = 14.0;
				MTL_ENABLE_DEBUG_INFO = NO;
				MTL_FAST_MATH = YES;
				SDKROOT = iphoneos;
				SWIFT_COMPILATION_MODE = wholemodule;
				SWIFT_OPTIMIZATION_LEVEL = "-O";
				VALIDATE_PRODUCT = YES;
			};
			name = Release;
		};
		DCC676EC2880001C007156EA /* Debug */ = {
			isa = XCBuildConfiguration;
			baseConfigurationReference = 4E95F5D17DA305F21E07813B /* Pods-ContactsChangeNotifierDemo.debug.xcconfig */;
			buildSettings = {
				ASSETCATALOG_COMPILER_APPICON_NAME = AppIcon;
				ASSETCATALOG_COMPILER_GLOBAL_ACCENT_COLOR_NAME = AccentColor;
				CODE_SIGN_STYLE = Automatic;
				CURRENT_PROJECT_VERSION = 8;
				DEVELOPMENT_ASSET_PATHS = "\"ContactsChangeNotifierDemo/Preview Content\"";
				DEVELOPMENT_TEAM = UT7SLSWEUX;
				ENABLE_PREVIEWS = YES;
				GENERATE_INFOPLIST_FILE = YES;
				INFOPLIST_KEY_NSContactsUsageDescription = "To get contact changes notifications";
				INFOPLIST_KEY_UIApplicationSceneManifest_Generation = YES;
				INFOPLIST_KEY_UIApplicationSupportsIndirectInputEvents = YES;
				INFOPLIST_KEY_UILaunchScreen_Generation = YES;
				INFOPLIST_KEY_UISupportedInterfaceOrientations_iPad = "UIInterfaceOrientationPortrait UIInterfaceOrientationPortraitUpsideDown UIInterfaceOrientationLandscapeLeft UIInterfaceOrientationLandscapeRight";
				INFOPLIST_KEY_UISupportedInterfaceOrientations_iPhone = "UIInterfaceOrientationPortrait UIInterfaceOrientationLandscapeLeft UIInterfaceOrientationLandscapeRight";
				LD_RUNPATH_SEARCH_PATHS = (
					"$(inherited)",
					"@executable_path/Frameworks",
				);
				MARKETING_VERSION = 1.0;
				PRODUCT_BUNDLE_IDENTIFIER = io.yonat.ContactsChangeNotifierDemo;
				PRODUCT_NAME = "$(TARGET_NAME)";
				SWIFT_EMIT_LOC_STRINGS = YES;
				SWIFT_VERSION = 5.0;
				TARGETED_DEVICE_FAMILY = "1,2";
			};
			name = Debug;
		};
		DCC676ED2880001C007156EA /* Release */ = {
			isa = XCBuildConfiguration;
			baseConfigurationReference = C832BAF0520B3CF98E12A9D4 /* Pods-ContactsChangeNotifierDemo.release.xcconfig */;
			buildSettings = {
				ASSETCATALOG_COMPILER_APPICON_NAME = AppIcon;
				ASSETCATALOG_COMPILER_GLOBAL_ACCENT_COLOR_NAME = AccentColor;
				CODE_SIGN_STYLE = Automatic;
				CURRENT_PROJECT_VERSION = 8;
				DEVELOPMENT_ASSET_PATHS = "\"ContactsChangeNotifierDemo/Preview Content\"";
				DEVELOPMENT_TEAM = UT7SLSWEUX;
				ENABLE_PREVIEWS = YES;
				GENERATE_INFOPLIST_FILE = YES;
				INFOPLIST_KEY_NSContactsUsageDescription = "To get contact changes notifications";
				INFOPLIST_KEY_UIApplicationSceneManifest_Generation = YES;
				INFOPLIST_KEY_UIApplicationSupportsIndirectInputEvents = YES;
				INFOPLIST_KEY_UILaunchScreen_Generation = YES;
				INFOPLIST_KEY_UISupportedInterfaceOrientations_iPad = "UIInterfaceOrientationPortrait UIInterfaceOrientationPortraitUpsideDown UIInterfaceOrientationLandscapeLeft UIInterfaceOrientationLandscapeRight";
				INFOPLIST_KEY_UISupportedInterfaceOrientations_iPhone = "UIInterfaceOrientationPortrait UIInterfaceOrientationLandscapeLeft UIInterfaceOrientationLandscapeRight";
				LD_RUNPATH_SEARCH_PATHS = (
					"$(inherited)",
					"@executable_path/Frameworks",
				);
				MARKETING_VERSION = 1.0;
				PRODUCT_BUNDLE_IDENTIFIER = io.yonat.ContactsChangeNotifierDemo;
				PRODUCT_NAME = "$(TARGET_NAME)";
				SWIFT_EMIT_LOC_STRINGS = YES;
				SWIFT_VERSION = 5.0;
				TARGETED_DEVICE_FAMILY = "1,2";
			};
			name = Release;
		};
		DCF938E2288136FB006D855C /* Debug */ = {
			isa = XCBuildConfiguration;
			baseConfigurationReference = 758511CED2F346FF2D97EDAC /* Pods-ContactsChangeNotifierTests.debug.xcconfig */;
			buildSettings = {
				BUNDLE_LOADER = "$(TEST_HOST)";
				CLANG_CXX_LANGUAGE_STANDARD = "gnu++17";
				CODE_SIGN_STYLE = Automatic;
				CURRENT_PROJECT_VERSION = 8;
				DEVELOPMENT_TEAM = UT7SLSWEUX;
				GENERATE_INFOPLIST_FILE = YES;
				IPHONEOS_DEPLOYMENT_TARGET = 15.5;
				MARKETING_VERSION = 1.0;
				PRODUCT_BUNDLE_IDENTIFIER = io.yonat.ContactsChangeNotifierTests;
				PRODUCT_NAME = "$(TARGET_NAME)";
				SWIFT_EMIT_LOC_STRINGS = NO;
				SWIFT_VERSION = 5.0;
				TARGETED_DEVICE_FAMILY = "1,2";
				TEST_HOST = "$(BUILT_PRODUCTS_DIR)/ContactsChangeNotifierDemo.app/ContactsChangeNotifierDemo";
			};
			name = Debug;
		};
		DCF938E3288136FB006D855C /* Release */ = {
			isa = XCBuildConfiguration;
			baseConfigurationReference = 3E5E29F603D6F987FCD6B29C /* Pods-ContactsChangeNotifierTests.release.xcconfig */;
			buildSettings = {
				BUNDLE_LOADER = "$(TEST_HOST)";
				CLANG_CXX_LANGUAGE_STANDARD = "gnu++17";
				CODE_SIGN_STYLE = Automatic;
				CURRENT_PROJECT_VERSION = 8;
				DEVELOPMENT_TEAM = UT7SLSWEUX;
				GENERATE_INFOPLIST_FILE = YES;
				IPHONEOS_DEPLOYMENT_TARGET = 15.5;
				MARKETING_VERSION = 1.0;
				PRODUCT_BUNDLE_IDENTIFIER = io.yonat.ContactsChangeNotifierTests;
				PRODUCT_NAME = "$(TARGET_NAME)";
				SWIFT_EMIT_LOC_STRINGS = NO;
				SWIFT_VERSION = 5.0;
				TARGETED_DEVICE_FAMILY = "1,2";
				TEST_HOST = "$(BUILT_PRODUCTS_DIR)/ContactsChangeNotifierDemo.app/ContactsChangeNotifierDemo";
			};
			name = Release;
		};
/* End XCBuildConfiguration section */

/* Begin XCConfigurationList section */
		DCC676D828800019007156EA /* Build configuration list for PBXProject "ContactsChangeNotifierDemo" */ = {
			isa = XCConfigurationList;
			buildConfigurations = (
				DCC676E92880001C007156EA /* Debug */,
				DCC676EA2880001C007156EA /* Release */,
			);
			defaultConfigurationIsVisible = 0;
			defaultConfigurationName = Release;
		};
		DCC676EB2880001C007156EA /* Build configuration list for PBXNativeTarget "ContactsChangeNotifierDemo" */ = {
			isa = XCConfigurationList;
			buildConfigurations = (
				DCC676EC2880001C007156EA /* Debug */,
				DCC676ED2880001C007156EA /* Release */,
			);
			defaultConfigurationIsVisible = 0;
			defaultConfigurationName = Release;
		};
		DCF938E4288136FB006D855C /* Build configuration list for PBXNativeTarget "ContactsChangeNotifierTests" */ = {
			isa = XCConfigurationList;
			buildConfigurations = (
				DCF938E2288136FB006D855C /* Debug */,
				DCF938E3288136FB006D855C /* Release */,
			);
			defaultConfigurationIsVisible = 0;
			defaultConfigurationName = Release;
		};
/* End XCConfigurationList section */
	};
	rootObject = DCC676D528800019007156EA /* Project object */;
}
